// !$*UTF8*$!
{
	archiveVersion = 1;
	classes = {
	};
	objectVersion = 77;
	objects = {

/* Begin PBXContainerItemProxy section */
		305DA7FD2DDE1D86002EDC78 /* PBXContainerItemProxy */ = {
			isa = PBXContainerItemProxy;
			containerPortal = 305DA7E72DDE1D85002EDC78 /* Project object */;
			proxyType = 1;
			remoteGlobalIDString = 305DA7EE2DDE1D85002EDC78;
			remoteInfo = "Event Countdown";
		};
		305DA8072DDE1D86002EDC78 /* PBXContainerItemProxy */ = {
			isa = PBXContainerItemProxy;
			containerPortal = 305DA7E72DDE1D85002EDC78 /* Project object */;
			proxyType = 1;
			remoteGlobalIDString = 305DA7EE2DDE1D85002EDC78;
			remoteInfo = "Event Countdown";
		};
/* End PBXContainerItemProxy section */

/* Begin PBXFileReference section */
		305DA7EF2DDE1D85002EDC78 /* Event Countdown.app */ = {isa = PBXFileReference; explicitFileType = wrapper.application; includeInIndex = 0; path = "Event Countdown.app"; sourceTree = BUILT_PRODUCTS_DIR; };
		305DA7FC2DDE1D86002EDC78 /* Event CountdownTests.xctest */ = {isa = PBXFileReference; explicitFileType = wrapper.cfbundle; includeInIndex = 0; path = "Event CountdownTests.xctest"; sourceTree = BUILT_PRODUCTS_DIR; };
		305DA8062DDE1D86002EDC78 /* Event CountdownUITests.xctest */ = {isa = PBXFileReference; explicitFileType = wrapper.cfbundle; includeInIndex = 0; path = "Event CountdownUITests.xctest"; sourceTree = BUILT_PRODUCTS_DIR; };
/* End PBXFileReference section */

/* Begin PBXFileSystemSynchronizedRootGroup section */
		305DA7F12DDE1D85002EDC78 /* Event Countdown */ = {
			isa = PBXFileSystemSynchronizedRootGroup;
			path = "Event Countdown";
			sourceTree = "<group>";
		};
		305DA7FF2DDE1D86002EDC78 /* Event CountdownTests */ = {
			isa = PBXFileSystemSynchronizedRootGroup;
			path = "Event CountdownTests";
			sourceTree = "<group>";
		};
		305DA8092DDE1D86002EDC78 /* Event CountdownUITests */ = {
			isa = PBXFileSystemSynchronizedRootGroup;
			path = "Event CountdownUITests";
			sourceTree = "<group>";
		};
/* End PBXFileSystemSynchronizedRootGroup section */

/* Begin PBXFrameworksBuildPhase section */
		305DA7EC2DDE1D85002EDC78 /* Frameworks */ = {
			isa = PBXFrameworksBuildPhase;
			buildActionMask = 2147483647;
			files = (
			);
			runOnlyForDeploymentPostprocessing = 0;
		};
		305DA7F92DDE1D86002EDC78 /* Frameworks */ = {
			isa = PBXFrameworksBuildPhase;
			buildActionMask = 2147483647;
			files = (
			);
			runOnlyForDeploymentPostprocessing = 0;
		};
		305DA8032DDE1D86002EDC78 /* Frameworks */ = {
			isa = PBXFrameworksBuildPhase;
			buildActionMask = 2147483647;
			files = (
			);
			runOnlyForDeploymentPostprocessing = 0;
		};
/* End PBXFrameworksBuildPhase section */

/* Begin PBXGroup section */
		305DA7E62DDE1D85002EDC78 = {
			isa = PBXGroup;
			children = (
				305DA7F12DDE1D85002EDC78 /* Event Countdown */,
				305DA7FF2DDE1D86002EDC78 /* Event CountdownTests */,
				305DA8092DDE1D86002EDC78 /* Event CountdownUITests */,
				305DA7F02DDE1D85002EDC78 /* Products */,
			);
			sourceTree = "<group>";
		};
		305DA7F02DDE1D85002EDC78 /* Products */ = {
			isa = PBXGroup;
			children = (
				305DA7EF2DDE1D85002EDC78 /* Event Countdown.app */,
				305DA7FC2DDE1D86002EDC78 /* Event CountdownTests.xctest */,
				305DA8062DDE1D86002EDC78 /* Event CountdownUITests.xctest */,
			);
			name = Products;
			sourceTree = "<group>";
		};
/* End PBXGroup section */

/* Begin PBXNativeTarget section */
		305DA7EE2DDE1D85002EDC78 /* Event Countdown */ = {
			isa = PBXNativeTarget;
			buildConfigurationList = 305DA8102DDE1D86002EDC78 /* Build configuration list for PBXNativeTarget "Event Countdown" */;
			buildPhases = (
				305DA7EB2DDE1D85002EDC78 /* Sources */,
				305DA7EC2DDE1D85002EDC78 /* Frameworks */,
				305DA7ED2DDE1D85002EDC78 /* Resources */,
			);
			buildRules = (
			);
			dependencies = (
			);
			fileSystemSynchronizedGroups = (
				305DA7F12DDE1D85002EDC78 /* Event Countdown */,
			);
			name = "Event Countdown";
			packageProductDependencies = (
			);
			productName = "Event Countdown";
			productReference = 305DA7EF2DDE1D85002EDC78 /* Event Countdown.app */;
			productType = "com.apple.product-type.application";
		};
		305DA7FB2DDE1D86002EDC78 /* Event CountdownTests */ = {
			isa = PBXNativeTarget;
			buildConfigurationList = 305DA8132DDE1D86002EDC78 /* Build configuration list for PBXNativeTarget "Event CountdownTests" */;
			buildPhases = (
				305DA7F82DDE1D86002EDC78 /* Sources */,
				305DA7F92DDE1D86002EDC78 /* Frameworks */,
				305DA7FA2DDE1D86002EDC78 /* Resources */,
			);
			buildRules = (
			);
			dependencies = (
				305DA7FE2DDE1D86002EDC78 /* PBXTargetDependency */,
			);
			fileSystemSynchronizedGroups = (
				305DA7FF2DDE1D86002EDC78 /* Event CountdownTests */,
			);
			name = "Event CountdownTests";
			packageProductDependencies = (
			);
			productName = "Event CountdownTests";
			productReference = 305DA7FC2DDE1D86002EDC78 /* Event CountdownTests.xctest */;
			productType = "com.apple.product-type.bundle.unit-test";
		};
		305DA8052DDE1D86002EDC78 /* Event CountdownUITests */ = {
			isa = PBXNativeTarget;
			buildConfigurationList = 305DA8162DDE1D86002EDC78 /* Build configuration list for PBXNativeTarget "Event CountdownUITests" */;
			buildPhases = (
				305DA8022DDE1D86002EDC78 /* Sources */,
				305DA8032DDE1D86002EDC78 /* Frameworks */,
				305DA8042DDE1D86002EDC78 /* Resources */,
			);
			buildRules = (
			);
			dependencies = (
				305DA8082DDE1D86002EDC78 /* PBXTargetDependency */,
			);
			fileSystemSynchronizedGroups = (
				305DA8092DDE1D86002EDC78 /* Event CountdownUITests */,
			);
			name = "Event CountdownUITests";
			packageProductDependencies = (
			);
			productName = "Event CountdownUITests";
			productReference = 305DA8062DDE1D86002EDC78 /* Event CountdownUITests.xctest */;
			productType = "com.apple.product-type.bundle.ui-testing";
		};
/* End PBXNativeTarget section */

/* Begin PBXProject section */
		305DA7E72DDE1D85002EDC78 /* Project object */ = {
			isa = PBXProject;
			attributes = {
				BuildIndependentTargetsInParallel = 1;
				LastSwiftUpdateCheck = 1630;
				LastUpgradeCheck = 1630;
				TargetAttributes = {
					305DA7EE2DDE1D85002EDC78 = {
						CreatedOnToolsVersion = 16.3;
					};
					305DA7FB2DDE1D86002EDC78 = {
						CreatedOnToolsVersion = 16.3;
						TestTargetID = 305DA7EE2DDE1D85002EDC78;
					};
					305DA8052DDE1D86002EDC78 = {
						CreatedOnToolsVersion = 16.3;
						TestTargetID = 305DA7EE2DDE1D85002EDC78;
					};
				};
			};
			buildConfigurationList = 305DA7EA2DDE1D85002EDC78 /* Build configuration list for PBXProject "Event Countdown" */;
			developmentRegion = en;
			hasScannedForEncodings = 0;
			knownRegions = (
				en,
				Base,
			);
			mainGroup = 305DA7E62DDE1D85002EDC78;
			minimizedProjectReferenceProxies = 1;
			preferredProjectObjectVersion = 77;
			productRefGroup = 305DA7F02DDE1D85002EDC78 /* Products */;
			projectDirPath = "";
			projectRoot = "";
			targets = (
				305DA7EE2DDE1D85002EDC78 /* Event Countdown */,
				305DA7FB2DDE1D86002EDC78 /* Event CountdownTests */,
				305DA8052DDE1D86002EDC78 /* Event CountdownUITests */,
			);
		};
/* End PBXProject section */

/* Begin PBXResourcesBuildPhase section */
		305DA7ED2DDE1D85002EDC78 /* Resources */ = {
			isa = PBXResourcesBuildPhase;
			buildActionMask = 2147483647;
			files = (
			);
			runOnlyForDeploymentPostprocessing = 0;
		};
		305DA7FA2DDE1D86002EDC78 /* Resources */ = {
			isa = PBXResourcesBuildPhase;
			buildActionMask = 2147483647;
			files = (
			);
			runOnlyForDeploymentPostprocessing = 0;
		};
		305DA8042DDE1D86002EDC78 /* Resources */ = {
			isa = PBXResourcesBuildPhase;
			buildActionMask = 2147483647;
			files = (
			);
			runOnlyForDeploymentPostprocessing = 0;
		};
/* End PBXResourcesBuildPhase section */

/* Begin PBXSourcesBuildPhase section */
		305DA7EB2DDE1D85002EDC78 /* Sources */ = {
			isa = PBXSourcesBuildPhase;
			buildActionMask = 2147483647;
			files = (
			);
			runOnlyForDeploymentPostprocessing = 0;
		};
		305DA7F82DDE1D86002EDC78 /* Sources */ = {
			isa = PBXSourcesBuildPhase;
			buildActionMask = 2147483647;
			files = (
			);
			runOnlyForDeploymentPostprocessing = 0;
		};
		305DA8022DDE1D86002EDC78 /* Sources */ = {
			isa = PBXSourcesBuildPhase;
			buildActionMask = 2147483647;
			files = (
			);
			runOnlyForDeploymentPostprocessing = 0;
		};
/* End PBXSourcesBuildPhase section */

/* Begin PBXTargetDependency section */
		305DA7FE2DDE1D86002EDC78 /* PBXTargetDependency */ = {
			isa = PBXTargetDependency;
			target = 305DA7EE2DDE1D85002EDC78 /* Event Countdown */;
			targetProxy = 305DA7FD2DDE1D86002EDC78 /* PBXContainerItemProxy */;
		};
		305DA8082DDE1D86002EDC78 /* PBXTargetDependency */ = {
			isa = PBXTargetDependency;
			target = 305DA7EE2DDE1D85002EDC78 /* Event Countdown */;
			targetProxy = 305DA8072DDE1D86002EDC78 /* PBXContainerItemProxy */;
		};
/* End PBXTargetDependency section */

/* Begin XCBuildConfiguration section */
		305DA80E2DDE1D86002EDC78 /* Debug */ = {
			isa = XCBuildConfiguration;
			buildSettings = {
				ALWAYS_SEARCH_USER_PATHS = NO;
				ASSETCATALOG_COMPILER_GENERATE_SWIFT_ASSET_SYMBOL_EXTENSIONS = YES;
				CLANG_ANALYZER_NONNULL = YES;
				CLANG_ANALYZER_NUMBER_OBJECT_CONVERSION = YES_AGGRESSIVE;
				CLANG_CXX_LANGUAGE_STANDARD = "gnu++20";
				CLANG_ENABLE_MODULES = YES;
				CLANG_ENABLE_OBJC_ARC = YES;
				CLANG_ENABLE_OBJC_WEAK = YES;
				CLANG_WARN_BLOCK_CAPTURE_AUTORELEASING = YES;
				CLANG_WARN_BOOL_CONVERSION = YES;
				CLANG_WARN_COMMA = YES;
				CLANG_WARN_CONSTANT_CONVERSION = YES;
				CLANG_WARN_DEPRECATED_OBJC_IMPLEMENTATIONS = YES;
				CLANG_WARN_DIRECT_OBJC_ISA_USAGE = YES_ERROR;
				CLANG_WARN_DOCUMENTATION_COMMENTS = YES;
				CLANG_WARN_EMPTY_BODY = YES;
				CLANG_WARN_ENUM_CONVERSION = YES;
				CLANG_WARN_INFINITE_RECURSION = YES;
				CLANG_WARN_INT_CONVERSION = YES;
				CLANG_WARN_NON_LITERAL_NULL_CONVERSION = YES;
				CLANG_WARN_OBJC_IMPLICIT_RETAIN_SELF = YES;
				CLANG_WARN_OBJC_LITERAL_CONVERSION = YES;
				CLANG_WARN_OBJC_ROOT_CLASS = YES_ERROR;
				CLANG_WARN_QUOTED_INCLUDE_IN_FRAMEWORK_HEADER = YES;
				CLANG_WARN_RANGE_LOOP_ANALYSIS = YES;
				CLANG_WARN_STRICT_PROTOTYPES = YES;
				CLANG_WARN_SUSPICIOUS_MOVE = YES;
				CLANG_WARN_UNGUARDED_AVAILABILITY = YES_AGGRESSIVE;
				CLANG_WARN_UNREACHABLE_CODE = YES;
				CLANG_WARN__DUPLICATE_METHOD_MATCH = YES;
				COPY_PHASE_STRIP = NO;
				DEBUG_INFORMATION_FORMAT = dwarf;
				ENABLE_STRICT_OBJC_MSGSEND = YES;
				ENABLE_TESTABILITY = YES;
				ENABLE_USER_SCRIPT_SANDBOXING = YES;
				GCC_C_LANGUAGE_STANDARD = gnu17;
				GCC_DYNAMIC_NO_PIC = NO;
				GCC_NO_COMMON_BLOCKS = YES;
				GCC_OPTIMIZATION_LEVEL = 0;
				GCC_PREPROCESSOR_DEFINITIONS = (
					"DEBUG=1",
					"$(inherited)",
				);
				GCC_WARN_64_TO_32_BIT_CONVERSION = YES;
				GCC_WARN_ABOUT_RETURN_TYPE = YES_ERROR;
				GCC_WARN_UNDECLARED_SELECTOR = YES;
				GCC_WARN_UNINITIALIZED_AUTOS = YES_AGGRESSIVE;
				GCC_WARN_UNUSED_FUNCTION = YES;
				GCC_WARN_UNUSED_VARIABLE = YES;
				IPHONEOS_DEPLOYMENT_TARGET = 18.4;
				LOCALIZATION_PREFERS_STRING_CATALOGS = YES;
				MTL_ENABLE_DEBUG_INFO = INCLUDE_SOURCE;
				MTL_FAST_MATH = YES;
				ONLY_ACTIVE_ARCH = YES;
				SDKROOT = iphoneos;
				SWIFT_ACTIVE_COMPILATION_CONDITIONS = "DEBUG $(inherited)";
				SWIFT_OPTIMIZATION_LEVEL = "-Onone";
			};
			name = Debug;
		};
		305DA80F2DDE1D86002EDC78 /* Release */ = {
			isa = XCBuildConfiguration;
			buildSettings = {
				ALWAYS_SEARCH_USER_PATHS = NO;
				ASSETCATALOG_COMPILER_GENERATE_SWIFT_ASSET_SYMBOL_EXTENSIONS = YES;
				CLANG_ANALYZER_NONNULL = YES;
				CLANG_ANALYZER_NUMBER_OBJECT_CONVERSION = YES_AGGRESSIVE;
				CLANG_CXX_LANGUAGE_STANDARD = "gnu++20";
				CLANG_ENABLE_MODULES = YES;
				CLANG_ENABLE_OBJC_ARC = YES;
				CLANG_ENABLE_OBJC_WEAK = YES;
				CLANG_WARN_BLOCK_CAPTURE_AUTORELEASING = YES;
				CLANG_WARN_BOOL_CONVERSION = YES;
				CLANG_WARN_COMMA = YES;
				CLANG_WARN_CONSTANT_CONVERSION = YES;
				CLANG_WARN_DEPRECATED_OBJC_IMPLEMENTATIONS = YES;
				CLANG_WARN_DIRECT_OBJC_ISA_USAGE = YES_ERROR;
				CLANG_WARN_DOCUMENTATION_COMMENTS = YES;
				CLANG_WARN_EMPTY_BODY = YES;
				CLANG_WARN_ENUM_CONVERSION = YES;
				CLANG_WARN_INFINITE_RECURSION = YES;
				CLANG_WARN_INT_CONVERSION = YES;
				CLANG_WARN_NON_LITERAL_NULL_CONVERSION = YES;
				CLANG_WARN_OBJC_IMPLICIT_RETAIN_SELF = YES;
				CLANG_WARN_OBJC_LITERAL_CONVERSION = YES;
				CLANG_WARN_OBJC_ROOT_CLASS = YES_ERROR;
				CLANG_WARN_QUOTED_INCLUDE_IN_FRAMEWORK_HEADER = YES;
				CLANG_WARN_RANGE_LOOP_ANALYSIS = YES;
				CLANG_WARN_STRICT_PROTOTYPES = YES;
				CLANG_WARN_SUSPICIOUS_MOVE = YES;
				CLANG_WARN_UNGUARDED_AVAILABILITY = YES_AGGRESSIVE;
				CLANG_WARN_UNREACHABLE_CODE = YES;
				CLANG_WARN__DUPLICATE_METHOD_MATCH = YES;
				COPY_PHASE_STRIP = NO;
				DEBUG_INFORMATION_FORMAT = "dwarf-with-dsym";
				ENABLE_NS_ASSERTIONS = NO;
				ENABLE_STRICT_OBJC_MSGSEND = YES;
				ENABLE_USER_SCRIPT_SANDBOXING = YES;
				GCC_C_LANGUAGE_STANDARD = gnu17;
				GCC_NO_COMMON_BLOCKS = YES;
				GCC_WARN_64_TO_32_BIT_CONVERSION = YES;
				GCC_WARN_ABOUT_RETURN_TYPE = YES_ERROR;
				GCC_WARN_UNDECLARED_SELECTOR = YES;
				GCC_WARN_UNINITIALIZED_AUTOS = YES_AGGRESSIVE;
				GCC_WARN_UNUSED_FUNCTION = YES;
				GCC_WARN_UNUSED_VARIABLE = YES;
				IPHONEOS_DEPLOYMENT_TARGET = 18.4;
				LOCALIZATION_PREFERS_STRING_CATALOGS = YES;
				MTL_ENABLE_DEBUG_INFO = NO;
				MTL_FAST_MATH = YES;
				SDKROOT = iphoneos;
				SWIFT_COMPILATION_MODE = wholemodule;
				VALIDATE_PRODUCT = YES;
			};
			name = Release;
		};
		305DA8112DDE1D86002EDC78 /* Debug */ = {
			isa = XCBuildConfiguration;
			buildSettings = {
				ASSETCATALOG_COMPILER_APPICON_NAME = AppIcon;
				ASSETCATALOG_COMPILER_GLOBAL_ACCENT_COLOR_NAME = AccentColor;
				CODE_SIGN_STYLE = Automatic;
				CURRENT_PROJECT_VERSION = 1;
				ENABLE_PREVIEWS = YES;
				GENERATE_INFOPLIST_FILE = YES;
				INFOPLIST_KEY_UIApplicationSceneManifest_Generation = YES;
				INFOPLIST_KEY_UIApplicationSupportsIndirectInputEvents = YES;
				INFOPLIST_KEY_UILaunchScreen_Generation = YES;
				INFOPLIST_KEY_UISupportedInterfaceOrientations_iPad = "UIInterfaceOrientationPortrait UIInterfaceOrientationPortraitUpsideDown UIInterfaceOrientationLandscapeLeft UIInterfaceOrientationLandscapeRight";
				INFOPLIST_KEY_UISupportedInterfaceOrientations_iPhone = "UIInterfaceOrientationPortrait UIInterfaceOrientationLandscapeLeft UIInterfaceOrientationLandscapeRight";
				LD_RUNPATH_SEARCH_PATHS = (
					"$(inherited)",
					"@executable_path/Frameworks",
				);
				MARKETING_VERSION = 1.0;
				PRODUCT_BUNDLE_IDENTIFIER = "de.yokobuto.Event-Countdown";
				PRODUCT_NAME = "$(TARGET_NAME)";
				SWIFT_EMIT_LOC_STRINGS = YES;
				SWIFT_VERSION = 5.0;
				TARGETED_DEVICE_FAMILY = "1,2";
			};
			name = Debug;
		};
		305DA8122DDE1D86002EDC78 /* Release */ = {
			isa = XCBuildConfiguration;
			buildSettings = {
				ASSETCATALOG_COMPILER_APPICON_NAME = AppIcon;
				ASSETCATALOG_COMPILER_GLOBAL_ACCENT_COLOR_NAME = AccentColor;
				CODE_SIGN_STYLE = Automatic;
				CURRENT_PROJECT_VERSION = 1;
				ENABLE_PREVIEWS = YES;
				GENERATE_INFOPLIST_FILE = YES;
				INFOPLIST_KEY_UIApplicationSceneManifest_Generation = YES;
				INFOPLIST_KEY_UIApplicationSupportsIndirectInputEvents = YES;
				INFOPLIST_KEY_UILaunchScreen_Generation = YES;
				INFOPLIST_KEY_UISupportedInterfaceOrientations_iPad = "UIInterfaceOrientationPortrait UIInterfaceOrientationPortraitUpsideDown UIInterfaceOrientationLandscapeLeft UIInterfaceOrientationLandscapeRight";
				INFOPLIST_KEY_UISupportedInterfaceOrientations_iPhone = "UIInterfaceOrientationPortrait UIInterfaceOrientationLandscapeLeft UIInterfaceOrientationLandscapeRight";
				LD_RUNPATH_SEARCH_PATHS = (
					"$(inherited)",
					"@executable_path/Frameworks",
				);
				MARKETING_VERSION = 1.0;
				PRODUCT_BUNDLE_IDENTIFIER = "de.yokobuto.Event-Countdown";
				PRODUCT_NAME = "$(TARGET_NAME)";
				SWIFT_EMIT_LOC_STRINGS = YES;
				SWIFT_VERSION = 5.0;
				TARGETED_DEVICE_FAMILY = "1,2";
			};
			name = Release;
		};
		305DA8142DDE1D86002EDC78 /* Debug */ = {
			isa = XCBuildConfiguration;
			buildSettings = {
				BUNDLE_LOADER = "$(TEST_HOST)";
				CODE_SIGN_STYLE = Automatic;
				CURRENT_PROJECT_VERSION = 1;
				GENERATE_INFOPLIST_FILE = YES;
				IPHONEOS_DEPLOYMENT_TARGET = 18.4;
				MARKETING_VERSION = 1.0;
				PRODUCT_BUNDLE_IDENTIFIER = "de.yokobuto.Event-CountdownTests";
				PRODUCT_NAME = "$(TARGET_NAME)";
				SWIFT_EMIT_LOC_STRINGS = NO;
				SWIFT_VERSION = 5.0;
				TARGETED_DEVICE_FAMILY = "1,2";
				TEST_HOST = "$(BUILT_PRODUCTS_DIR)/Event Countdown.app/$(BUNDLE_EXECUTABLE_FOLDER_PATH)/Event Countdown";
			};
			name = Debug;
		};
		305DA8152DDE1D86002EDC78 /* Release */ = {
			isa = XCBuildConfiguration;
			buildSettings = {
				BUNDLE_LOADER = "$(TEST_HOST)";
				CODE_SIGN_STYLE = Automatic;
				CURRENT_PROJECT_VERSION = 1;
				GENERATE_INFOPLIST_FILE = YES;
				IPHONEOS_DEPLOYMENT_TARGET = 18.4;
				MARKETING_VERSION = 1.0;
				PRODUCT_BUNDLE_IDENTIFIER = "de.yokobuto.Event-CountdownTests";
				PRODUCT_NAME = "$(TARGET_NAME)";
				SWIFT_EMIT_LOC_STRINGS = NO;
				SWIFT_VERSION = 5.0;
				TARGETED_DEVICE_FAMILY = "1,2";
				TEST_HOST = "$(BUILT_PRODUCTS_DIR)/Event Countdown.app/$(BUNDLE_EXECUTABLE_FOLDER_PATH)/Event Countdown";
			};
			name = Release;
		};
		305DA8172DDE1D86002EDC78 /* Debug */ = {
			isa = XCBuildConfiguration;
			buildSettings = {
				CODE_SIGN_STYLE = Automatic;
				CURRENT_PROJECT_VERSION = 1;
				GENERATE_INFOPLIST_FILE = YES;
				MARKETING_VERSION = 1.0;
				PRODUCT_BUNDLE_IDENTIFIER = "de.yokobuto.Event-CountdownUITests";
				PRODUCT_NAME = "$(TARGET_NAME)";
				SWIFT_EMIT_LOC_STRINGS = NO;
				SWIFT_VERSION = 5.0;
				TARGETED_DEVICE_FAMILY = "1,2";
				TEST_TARGET_NAME = "Event Countdown";
			};
			name = Debug;
		};
		305DA8182DDE1D86002EDC78 /* Release */ = {
			isa = XCBuildConfiguration;
			buildSettings = {
				CODE_SIGN_STYLE = Automatic;
				CURRENT_PROJECT_VERSION = 1;
				GENERATE_INFOPLIST_FILE = YES;
				MARKETING_VERSION = 1.0;
				PRODUCT_BUNDLE_IDENTIFIER = "de.yokobuto.Event-CountdownUITests";
				PRODUCT_NAME = "$(TARGET_NAME)";
				SWIFT_EMIT_LOC_STRINGS = NO;
				SWIFT_VERSION = 5.0;
				TARGETED_DEVICE_FAMILY = "1,2";
				TEST_TARGET_NAME = "Event Countdown";
			};
			name = Release;
		};
/* End XCBuildConfiguration section */

/* Begin XCConfigurationList section */
		305DA7EA2DDE1D85002EDC78 /* Build configuration list for PBXProject "Event Countdown" */ = {
			isa = XCConfigurationList;
			buildConfigurations = (
				305DA80E2DDE1D86002EDC78 /* Debug */,
				305DA80F2DDE1D86002EDC78 /* Release */,
			);
			defaultConfigurationIsVisible = 0;
			defaultConfigurationName = Release;
		};
		305DA8102DDE1D86002EDC78 /* Build configuration list for PBXNativeTarget "Event Countdown" */ = {
			isa = XCConfigurationList;
			buildConfigurations = (
				305DA8112DDE1D86002EDC78 /* Debug */,
				305DA8122DDE1D86002EDC78 /* Release */,
			);
			defaultConfigurationIsVisible = 0;
			defaultConfigurationName = Release;
		};
		305DA8132DDE1D86002EDC78 /* Build configuration list for PBXNativeTarget "Event CountdownTests" */ = {
			isa = XCConfigurationList;
			buildConfigurations = (
				305DA8142DDE1D86002EDC78 /* Debug */,
				305DA8152DDE1D86002EDC78 /* Release */,
			);
			defaultConfigurationIsVisible = 0;
			defaultConfigurationName = Release;
		};
		305DA8162DDE1D86002EDC78 /* Build configuration list for PBXNativeTarget "Event CountdownUITests" */ = {
			isa = XCConfigurationList;
			buildConfigurations = (
				305DA8172DDE1D86002EDC78 /* Debug */,
				305DA8182DDE1D86002EDC78 /* Release */,
			);
			defaultConfigurationIsVisible = 0;
			defaultConfigurationName = Release;
		};
/* End XCConfigurationList section */
	};
	rootObject = 305DA7E72DDE1D85002EDC78 /* Project object */;
}
